{
  "version": 4,
  "terraform_version": "0.13.2",
  "serial": 327,
  "lineage": "eb32b26f-805f-8970-cf40-87d714f76ab4",
  "outputs": {},
  "resources": [
    {
      "mode": "data",
      "type": "digitalocean_domain",
      "name": "jgs_web",
      "provider": "provider[\"registry.terraform.io/digitalocean/digitalocean\"]",
      "instances": [
        {
          "schema_version": 0,
          "attributes": {
            "id": "johnthevos.com",
            "name": "johnthevos.com",
            "ttl": 1800,
            "urn": "do:domain:johnthevos.com",
            "zone_file": "$ORIGIN johnthevos.com.\n$TTL 1800\njohnthevos.com. IN SOA ns1.digitalocean.com. hostmaster.johnthevos.com. 1600287218 10800 3600 604800 1800\njohnthevos.com. 1800 IN NS ns1.digitalocean.com.\njohnthevos.com. 1800 IN NS ns2.digitalocean.com.\njohnthevos.com. 1800 IN NS ns3.digitalocean.com.\njohnthevos.com. 3600 IN A 165.227.249.135\njgs-static.johnthevos.com. 3600 IN CNAME jgstudios.nyc3.cdn.digitaloceanspaces.com.\njohnthevos.com. 3600 IN A 159.89.252.246\njohnthevos.com. 3600 IN A 45.55.125.114\njohnthevos.com. 3600 IN A 161.35.248.64\n"
          }
        }
      ]
    },
    {
      "mode": "data",
      "type": "digitalocean_ssh_key",
      "name": "jgstudios",
      "provider": "provider[\"registry.terraform.io/digitalocean/digitalocean\"]",
      "instances": [
        {
          "schema_version": 0,
          "attributes": {
            "fingerprint": "52:1d:f4:6f:cf:01:89:6d:be:39:56:5d:0d:79:18:4b",
            "id": "28445011",
            "name": "jgstudios",
            "public_key": "ssh-rsa AAAAB3NzaC1yc2EAAAADAQABAAABAQChxUJrI0bVtTQBTKlh/BzMSCFEyem6euqlnwp1LtyHIvOnu34zxcnFWS+LefcT7B/+QJVdLiPpeJeqpqstGcGP8D6O6tm9F2awAlbGm7dhLWtyGETxOTUsiC021L1WKBWuEjf/4dtZFIyTYOjNzQZKjrHiYTlzrj7ysNhRYqJ4FNp9/tjPSRCJ0XRd2afKBYLdOKdtkpaDtptq3VBen//a3UuOX7CsBhYGFSccVmj4g2BdsedF5UqH+LS3u/JHMriIZLVc9b9MaF8VpN5px6pSUanLcY8TxILarpirmmqiw2In7cHlAR016To7U+jxAKj6sbUDv7I0+xVgsaL/AVcJ jth@Johns-MacBook-Pro-3.local"
          }
        }
      ]
    },
    {
      "mode": "managed",
      "type": "digitalocean_droplet",
      "name": "bastion",
      "provider": "provider[\"registry.terraform.io/digitalocean/digitalocean\"]",
      "instances": [
        {
          "schema_version": 1,
          "attributes": {
            "backups": false,
            "created_at": "2020-09-16T21:46:36Z",
            "disk": 25,
            "id": "208215298",
            "image": "ubuntu-20-04-x64",
            "ipv4_address": "134.209.45.64",
            "ipv4_address_private": "192.168.44.4",
            "ipv6": false,
            "ipv6_address": "",
            "ipv6_address_private": null,
            "locked": false,
            "memory": 1024,
            "monitoring": false,
            "name": "bastion-jgstudios-nyc3",
            "price_hourly": 0.00744,
            "price_monthly": 5,
            "private_networking": true,
            "region": "nyc3",
            "resize_disk": true,
            "size": "s-1vcpu-1gb",
            "ssh_keys": [
              "28445011"
            ],
            "status": "active",
            "tags": [
              "jgstudios-webserver"
            ],
            "urn": "do:droplet:208215298",
            "user_data": null,
            "vcpus": 1,
            "volume_ids": [],
            "vpc_uuid": "baaf94fc-4cf6-424d-9dfd-d793ed65d1c7"
          },
          "private": "eyJzY2hlbWFfdmVyc2lvbiI6IjEifQ==",
          "dependencies": [
            "data.digitalocean_ssh_key.jgstudios",
            "digitalocean_vpc.jgs_web"
          ],
          "create_before_destroy": true
        }
      ]
    },
    {
      "mode": "managed",
      "type": "digitalocean_droplet",
      "name": "jgs_web",
      "provider": "provider[\"registry.terraform.io/digitalocean/digitalocean\"]",
      "instances": [
        {
          "index_key": 0,
          "schema_version": 1,
          "attributes": {
            "backups": false,
            "created_at": "2020-09-16T21:46:36Z",
            "disk": 25,
            "id": "208215299",
            "image": "ubuntu-20-04-x64",
            "ipv4_address": "134.209.44.192",
            "ipv4_address_private": "192.168.44.2",
            "ipv6": false,
            "ipv6_address": "",
            "ipv6_address_private": null,
            "locked": false,
            "memory": 1024,
            "monitoring": false,
            "name": "web-jgstudios-nyc3-1",
            "price_hourly": 0.00744,
            "price_monthly": 5,
            "private_networking": true,
            "region": "nyc3",
            "resize_disk": true,
            "size": "s-1vcpu-1gb",
            "ssh_keys": [
              "28445011"
            ],
            "status": "active",
            "tags": [
              "jgstudios-webserver"
            ],
            "urn": "do:droplet:208215299",
            "user_data": "3a6250c4c4fcdd5d5d39347c627979d0c8013972",
            "vcpus": 1,
            "volume_ids": [],
            "vpc_uuid": "baaf94fc-4cf6-424d-9dfd-d793ed65d1c7"
          },
          "private": "eyJzY2hlbWFfdmVyc2lvbiI6IjEifQ==",
          "dependencies": [
            "data.digitalocean_ssh_key.jgstudios",
            "digitalocean_vpc.jgs_web"
          ],
          "create_before_destroy": true
        },
        {
          "index_key": 1,
          "schema_version": 1,
          "attributes": {
            "backups": false,
            "created_at": "2020-09-16T21:46:36Z",
            "disk": 25,
            "id": "208215300",
            "image": "ubuntu-20-04-x64",
            "ipv4_address": "104.131.14.47",
            "ipv4_address_private": "192.168.44.3",
            "ipv6": false,
            "ipv6_address": "",
            "ipv6_address_private": null,
            "locked": false,
            "memory": 1024,
            "monitoring": false,
            "name": "web-jgstudios-nyc3-2",
            "price_hourly": 0.00744,
            "price_monthly": 5,
            "private_networking": true,
            "region": "nyc3",
            "resize_disk": true,
            "size": "s-1vcpu-1gb",
            "ssh_keys": [
              "28445011"
            ],
            "status": "active",
            "tags": [
              "jgstudios-webserver"
            ],
            "urn": "do:droplet:208215300",
            "user_data": "53b678a5d135974a5e15aa416d78a28f90d52405",
            "vcpus": 1,
            "volume_ids": [],
            "vpc_uuid": "baaf94fc-4cf6-424d-9dfd-d793ed65d1c7"
          },
          "private": "eyJzY2hlbWFfdmVyc2lvbiI6IjEifQ==",
          "dependencies": [
            "data.digitalocean_ssh_key.jgstudios",
            "digitalocean_vpc.jgs_web"
          ],
          "create_before_destroy": true
        }
      ]
    },
    {
      "mode": "managed",
      "type": "digitalocean_firewall",
      "name": "bastion",
      "provider": "provider[\"registry.terraform.io/digitalocean/digitalocean\"]",
      "instances": [
        {
          "schema_version": 0,
          "attributes": {
            "created_at": null,
            "droplet_ids": [
              208215298
            ],
            "id": "0654cf04-cb8e-426c-9b68-56fa885f0dc4",
            "inbound_rule": [
              {
                "port_range": "22",
                "protocol": "tcp",
                "source_addresses": [
                  "0.0.0.0/0",
                  "::/0"
                ],
                "source_droplet_ids": [],
                "source_load_balancer_uids": [],
                "source_tags": []
              }
            ],
            "name": "jgstudios-only-ssh-bastion",
            "outbound_rule": [
              {
                "destination_addresses": [
                  "192.168.44.0/24"
                ],
                "destination_droplet_ids": [],
                "destination_load_balancer_uids": [],
                "destination_tags": [],
                "port_range": "",
                "protocol": "icmp"
              }
            ],
            "pending_changes": [],
            "status": "succeeded",
            "tags": null
          },
          "private": "bnVsbA==",
          "dependencies": [
            "data.digitalocean_ssh_key.jgstudios",
            "digitalocean_droplet.bastion",
            "digitalocean_vpc.jgs_web"
          ]
        }
      ]
    },
    {
      "mode": "managed",
      "type": "digitalocean_firewall",
      "name": "jgs_web",
      "provider": "provider[\"registry.terraform.io/digitalocean/digitalocean\"]",
      "instances": [
        {
          "schema_version": 0,
          "attributes": {
            "created_at": null,
            "droplet_ids": [
              208215299,
              208215300
            ],
            "id": "b15466c0-4f24-4b7a-849c-f657e223f406",
            "inbound_rule": [
              {
                "port_range": "",
                "protocol": "icmp",
                "source_addresses": [
                  "192.168.44.0/24"
                ],
                "source_droplet_ids": [],
                "source_load_balancer_uids": [],
                "source_tags": []
              },
              {
                "port_range": "1-65535",
                "protocol": "tcp",
                "source_addresses": [
                  "192.168.44.0/24"
                ],
                "source_droplet_ids": [],
                "source_load_balancer_uids": [],
                "source_tags": []
              },
              {
                "port_range": "1-65535",
                "protocol": "udp",
                "source_addresses": [
                  "192.168.44.0/24"
                ],
                "source_droplet_ids": [],
                "source_load_balancer_uids": [],
                "source_tags": []
              }
            ],
            "name": "jgstudios-only-vpc-traffic",
            "outbound_rule": [
              {
                "destination_addresses": [
                  "0.0.0.0/0",
                  "::/0"
                ],
                "destination_droplet_ids": [],
                "destination_load_balancer_uids": [],
                "destination_tags": [],
                "port_range": "",
                "protocol": "icmp"
              },
              {
                "destination_addresses": [
                  "0.0.0.0/0",
                  "::/0"
                ],
                "destination_droplet_ids": [],
                "destination_load_balancer_uids": [],
                "destination_tags": [],
                "port_range": "443",
                "protocol": "tcp"
              },
              {
                "destination_addresses": [
                  "0.0.0.0/0",
                  "::/0"
                ],
                "destination_droplet_ids": [],
                "destination_load_balancer_uids": [],
                "destination_tags": [],
                "port_range": "53",
                "protocol": "udp"
              },
              {
                "destination_addresses": [
                  "0.0.0.0/0",
                  "::/0"
                ],
                "destination_droplet_ids": [],
                "destination_load_balancer_uids": [],
                "destination_tags": [],
                "port_range": "80",
                "protocol": "tcp"
              },
              {
                "destination_addresses": [
                  "192.168.44.0/24"
                ],
                "destination_droplet_ids": [],
                "destination_load_balancer_uids": [],
                "destination_tags": [],
                "port_range": "",
                "protocol": "icmp"
              },
              {
                "destination_addresses": [
                  "192.168.44.0/24"
                ],
                "destination_droplet_ids": [],
                "destination_load_balancer_uids": [],
                "destination_tags": [],
                "port_range": "1-65535",
                "protocol": "tcp"
              },
              {
                "destination_addresses": [
                  "192.168.44.0/24"
                ],
                "destination_droplet_ids": [],
                "destination_load_balancer_uids": [],
                "destination_tags": [],
                "port_range": "1-65535",
                "protocol": "udp"
              }
            ],
            "pending_changes": [],
            "status": "succeeded",
            "tags": null
          },
          "private": "bnVsbA==",
          "dependencies": [
            "data.digitalocean_ssh_key.jgstudios",
            "digitalocean_droplet.jgs_web",
            "digitalocean_vpc.jgs_web"
          ]
        }
      ]
    },
    {
      "mode": "managed",
      "type": "digitalocean_loadbalancer",
      "name": "jgs_web",
      "provider": "provider[\"registry.terraform.io/digitalocean/digitalocean\"]",
      "instances": []
    },
    {
      "mode": "managed",
      "type": "digitalocean_project",
      "name": "JGS-PROD2",
      "provider": "provider[\"registry.terraform.io/digitalocean/digitalocean\"]",
      "instances": []
    },
    {
      "mode": "managed",
      "type": "digitalocean_record",
      "name": "bastion",
      "provider": "provider[\"registry.terraform.io/digitalocean/digitalocean\"]",
      "instances": [
        {
          "schema_version": 0,
          "attributes": {
            "domain": "johnthevos.com",
            "flags": 0,
            "fqdn": "bastion-jgstudios-nyc3.johnthevos.com",
            "id": "113661129",
            "name": "bastion-jgstudios-nyc3",
            "port": 0,
            "priority": 0,
            "tag": "",
            "ttl": 300,
            "type": "A",
            "value": "134.209.45.64",
            "weight": 0
          },
          "private": "bnVsbA==",
          "dependencies": [
            "data.digitalocean_domain.jgs_web",
            "data.digitalocean_ssh_key.jgstudios",
            "digitalocean_droplet.bastion",
            "digitalocean_vpc.jgs_web"
          ]
        }
      ]
    },
    {
      "mode": "managed",
      "type": "digitalocean_record",
      "name": "jgs_web",
      "provider": "provider[\"registry.terraform.io/digitalocean/digitalocean\"]",
      "instances": []
    },
    {
      "mode": "managed",
      "type": "digitalocean_spaces_bucket",
      "name": "jgs-space-prod",
      "provider": "provider[\"registry.terraform.io/digitalocean/digitalocean\"]",
      "instances": [
        {
          "schema_version": 0,
          "attributes": {
            "acl": "private",
            "bucket_domain_name": "jgs-space-prod.nyc3.digitaloceanspaces.com",
            "cors_rule": [
              {
                "allowed_headers": [
                  "*"
                ],
                "allowed_methods": [
                  "GET"
                ],
                "allowed_origins": [
                  "https://jgs.johnthevos.com"
                ],
                "max_age_seconds": 3000
              },
              {
                "allowed_headers": [
                  "*"
                ],
                "allowed_methods": [
                  "PUT",
                  "POST",
                  "DELETE"
                ],
                "allowed_origins": [
                  "https://jgs.johnthevos.com"
                ],
                "max_age_seconds": 3000
              }
            ],
            "force_destroy": false,
            "id": "jgs-space-prod",
            "lifecycle_rule": [],
            "name": "jgs-space-prod",
            "region": "nyc3",
            "urn": "do:space:jgs-space-prod",
            "versioning": [
              {
                "enabled": false
              }
            ]
          },
          "private": "bnVsbA==",
          "dependencies": [
            "data.digitalocean_domain.jgs_web"
          ]
        }
      ]
    },
    {
      "mode": "managed",
      "type": "digitalocean_vpc",
      "name": "jgs_web",
      "provider": "provider[\"registry.terraform.io/digitalocean/digitalocean\"]",
      "instances": [
        {
          "schema_version": 0,
          "attributes": {
            "created_at": "2020-09-16 21:46:36 +0000 UTC",
            "default": false,
            "description": "",
            "id": "baaf94fc-4cf6-424d-9dfd-d793ed65d1c7",
            "ip_range": "192.168.44.0/24",
            "name": "jgstudios-vpc",
            "region": "nyc3",
            "timeouts": null,
            "urn": "do:vpc:baaf94fc-4cf6-424d-9dfd-d793ed65d1c7"
          },
          "private": "eyJlMmJmYjczMC1lY2FhLTExZTYtOGY4OC0zNDM2M2JjN2M0YzAiOnsiZGVsZXRlIjoxMjAwMDAwMDAwMDB9fQ==",
          "create_before_destroy": true
        }
      ]
    }
  ]
}
